
Microsoft Visual Studio Solution File, Format Version 12.00
# Visual Studio Version 17
VisualStudioVersion = 17.10.35201.131
MinimumVisualStudioVersion = 10.0.40219.1
Project("{9A19103F-16F7-4668-BE54-9A1E7A4F7556}") = "WebApplication12", "WebApplication12\WebApplication12.csproj", "{BBAD31EA-7E02-46A4-81F9-42239A64C68B}"
EndProject
Project("{2150E333-8FDC-42A3-9474-1A3956D46DE8}") = "src", "src", "{BFF96687-2345-4531-B053-E099C5F5B39D}"
EndProject
Project("{2150E333-8FDC-42A3-9474-1A3956D46DE8}") = "01-Domain", "01-Domain", "{2482A701-03D7-4E86-9E48-CB0B955EA1A9}"
EndProject
Project("{2150E333-8FDC-42A3-9474-1A3956D46DE8}") = "02-Infrastructures", "02-Infrastructures", "{262FF989-B6DB-472E-BF3E-84FB30DE0E1D}"
EndProject
Project("{2150E333-8FDC-42A3-9474-1A3956D46DE8}") = "05-EndPoints", "05-EndPoints", "{FE5B785A-C0C5-4218-B089-808C8ABEAD0D}"
EndProject
Project("{9A19103F-16F7-4668-BE54-9A1E7A4F7556}") = "ShopManagement.Domain", "ClassLibrary1\ShopManagement.Domain.csproj", "{CDE88288-7419-4061-B06F-63ED1203D224}"
EndProject
Project("{9A19103F-16F7-4668-BE54-9A1E7A4F7556}") = "ShopManagement.Infrastructures", "ShopManagement.Infrastructures\ShopManagement.Infrastructures.csproj", "{7E72F2C5-9BF7-4833-82F0-0EFA699B16AD}"
EndProject
Project("{FAE04EC0-301F-11D3-BF4B-00C04F79EFBC}") = "Services", "Services\Services.csproj", "{4C88F7A8-9CD6-403C-B8D0-03ACD9EBAD56}"
EndProject
Project("{FAE04EC0-301F-11D3-BF4B-00C04F79EFBC}") = "Interfaces", "Interfaces\Interfaces.csproj", "{50514724-B18B-46FB-81CB-42989E169270}"
EndProject
Project("{2150E333-8FDC-42A3-9474-1A3956D46DE8}") = "03-Interfaces", "03-Interfaces", "{487BD6AD-F75B-48A0-92FC-D7DCA2BC1FE0}"
EndProject
Project("{2150E333-8FDC-42A3-9474-1A3956D46DE8}") = "04-Services", "04-Services", "{43AD8F87-6D9D-4145-ACF2-AD892C31EBCA}"
EndProject
Global
	GlobalSection(SolutionConfigurationPlatforms) = preSolution
		Debug|Any CPU = Debug|Any CPU
		Release|Any CPU = Release|Any CPU
	EndGlobalSection
	GlobalSection(ProjectConfigurationPlatforms) = postSolution
		{BBAD31EA-7E02-46A4-81F9-42239A64C68B}.Debug|Any CPU.ActiveCfg = Debug|Any CPU
		{BBAD31EA-7E02-46A4-81F9-42239A64C68B}.Debug|Any CPU.Build.0 = Debug|Any CPU
		{BBAD31EA-7E02-46A4-81F9-42239A64C68B}.Release|Any CPU.ActiveCfg = Release|Any CPU
		{BBAD31EA-7E02-46A4-81F9-42239A64C68B}.Release|Any CPU.Build.0 = Release|Any CPU
		{CDE88288-7419-4061-B06F-63ED1203D224}.Debug|Any CPU.ActiveCfg = Debug|Any CPU
		{CDE88288-7419-4061-B06F-63ED1203D224}.Debug|Any CPU.Build.0 = Debug|Any CPU
		{CDE88288-7419-4061-B06F-63ED1203D224}.Release|Any CPU.ActiveCfg = Release|Any CPU
		{CDE88288-7419-4061-B06F-63ED1203D224}.Release|Any CPU.Build.0 = Release|Any CPU
		{7E72F2C5-9BF7-4833-82F0-0EFA699B16AD}.Debug|Any CPU.ActiveCfg = Debug|Any CPU
		{7E72F2C5-9BF7-4833-82F0-0EFA699B16AD}.Debug|Any CPU.Build.0 = Debug|Any CPU
		{7E72F2C5-9BF7-4833-82F0-0EFA699B16AD}.Release|Any CPU.ActiveCfg = Release|Any CPU
		{7E72F2C5-9BF7-4833-82F0-0EFA699B16AD}.Release|Any CPU.Build.0 = Release|Any CPU
		{4C88F7A8-9CD6-403C-B8D0-03ACD9EBAD56}.Debug|Any CPU.ActiveCfg = Debug|Any CPU
		{4C88F7A8-9CD6-403C-B8D0-03ACD9EBAD56}.Debug|Any CPU.Build.0 = Debug|Any CPU
		{4C88F7A8-9CD6-403C-B8D0-03ACD9EBAD56}.Release|Any CPU.ActiveCfg = Release|Any CPU
		{4C88F7A8-9CD6-403C-B8D0-03ACD9EBAD56}.Release|Any CPU.Build.0 = Release|Any CPU
		{50514724-B18B-46FB-81CB-42989E169270}.Debug|Any CPU.ActiveCfg = Debug|Any CPU
		{50514724-B18B-46FB-81CB-42989E169270}.Debug|Any CPU.Build.0 = Debug|Any CPU
		{50514724-B18B-46FB-81CB-42989E169270}.Release|Any CPU.ActiveCfg = Release|Any CPU
		{50514724-B18B-46FB-81CB-42989E169270}.Release|Any CPU.Build.0 = Release|Any CPU
	EndGlobalSection
	GlobalSection(SolutionProperties) = preSolution
		HideSolutionNode = FALSE
	EndGlobalSection
	GlobalSection(NestedProjects) = preSolution
		{BBAD31EA-7E02-46A4-81F9-42239A64C68B} = {FE5B785A-C0C5-4218-B089-808C8ABEAD0D}
		{2482A701-03D7-4E86-9E48-CB0B955EA1A9} = {BFF96687-2345-4531-B053-E099C5F5B39D}
		{262FF989-B6DB-472E-BF3E-84FB30DE0E1D} = {BFF96687-2345-4531-B053-E099C5F5B39D}
		{FE5B785A-C0C5-4218-B089-808C8ABEAD0D} = {BFF96687-2345-4531-B053-E099C5F5B39D}
		{CDE88288-7419-4061-B06F-63ED1203D224} = {2482A701-03D7-4E86-9E48-CB0B955EA1A9}
		{7E72F2C5-9BF7-4833-82F0-0EFA699B16AD} = {262FF989-B6DB-472E-BF3E-84FB30DE0E1D}
		{4C88F7A8-9CD6-403C-B8D0-03ACD9EBAD56} = {43AD8F87-6D9D-4145-ACF2-AD892C31EBCA}
		{50514724-B18B-46FB-81CB-42989E169270} = {487BD6AD-F75B-48A0-92FC-D7DCA2BC1FE0}
		{487BD6AD-F75B-48A0-92FC-D7DCA2BC1FE0} = {BFF96687-2345-4531-B053-E099C5F5B39D}
		{43AD8F87-6D9D-4145-ACF2-AD892C31EBCA} = {BFF96687-2345-4531-B053-E099C5F5B39D}
	EndGlobalSection
	GlobalSection(ExtensibilityGlobals) = postSolution
		SolutionGuid = {5E4A5482-2D98-45DF-B256-CB42479A6460}
	EndGlobalSection
EndGlobal
